
Microsoft Visual Studio Solution File, Format Version 12.00
# Visual Studio 15
VisualStudioVersion = 15.0.27130.2024
MinimumVisualStudioVersion = 10.0.40219.1
Project("{FAE04EC0-301F-11D3-BF4B-00C04F79EFBC}") = "SRP_ISP", "SRP_ISP\SRP_ISP.csproj", "{B9C01D9D-BA5A-46E5-B611-AEF0775C73CA}"
EndProject
Global
	GlobalSection(SolutionConfigurationPlatforms) = preSolution
		Debug|Any CPU = Debug|Any CPU
		Release|Any CPU = Release|Any CPU
	EndGlobalSection
	GlobalSection(ProjectConfigurationPlatforms) = postSolution
		{B9C01D9D-BA5A-46E5-B611-AEF0775C73CA}.Debug|Any CPU.ActiveCfg = Debug|Any CPU
		{B9C01D9D-BA5A-46E5-B611-AEF0775C73CA}.Debug|Any CPU.Build.0 = Debug|Any CPU
		{B9C01D9D-BA5A-46E5-B611-AEF0775C73CA}.Release|Any CPU.ActiveCfg = Release|Any CPU
		{B9C01D9D-BA5A-46E5-B611-AEF0775C73CA}.Release|Any CPU.Build.0 = Release|Any CPU
	EndGlobalSection
	GlobalSection(SolutionProperties) = preSolution
		HideSolutionNode = FALSE
	EndGlobalSection
	GlobalSection(ExtensibilityGlobals) = postSolution
		SolutionGuid = {F4BE4DF0-446F-4030-B32B-18485A3CCF4A}
	EndGlobalSection
EndGlobal
